// !$*UTF8*$!
{
	archiveVersion = 1;
	classes = {
	};
	objectVersion = 77;
	objects = {

/* Begin PBXBuildFile section */
		46EFD22D2F31CB6F00C9F513 /* FeedKit in Frameworks */ = {isa = PBXBuildFile; productRef = 46EFD22C2F31CB6F00C9F513 /* FeedKit */; };
		46EFD2302F31CD2500C9F513 /* GRDB in Frameworks */ = {isa = PBXBuildFile; productRef = 46EFD22F2F31CD2500C9F513 /* GRDB */; };
		46EFD2402F3A000100C9F513 /* GRDB in Frameworks */ = {isa = PBXBuildFile; productRef = 46EFD23F2F3A000100C9F513 /* GRDB */; };
		46EFD2422F3A000100C9F513 /* FeedKit in Frameworks */ = {isa = PBXBuildFile; productRef = 46EFD2412F3A000100C9F513 /* FeedKit */; };
/* End PBXBuildFile section */

/* Begin PBXContainerItemProxy section */
		46EFD2072F31947300C9F513 /* PBXContainerItemProxy */ = {
			isa = PBXContainerItemProxy;
			containerPortal = 46EFD1F12F31947200C9F513 /* Project object */;
			proxyType = 1;
			remoteGlobalIDString = 46EFD1F82F31947200C9F513;
			remoteInfo = FeedMe;
		};
		46EFD2112F31947300C9F513 /* PBXContainerItemProxy */ = {
			isa = PBXContainerItemProxy;
			containerPortal = 46EFD1F12F31947200C9F513 /* Project object */;
			proxyType = 1;
			remoteGlobalIDString = 46EFD1F82F31947200C9F513;
			remoteInfo = FeedMe;
		};
/* End PBXContainerItemProxy section */

/* Begin PBXFileReference section */
		46EFD1F92F31947200C9F513 /* FeedMe.app */ = {isa = PBXFileReference; explicitFileType = wrapper.application; includeInIndex = 0; path = FeedMe.app; sourceTree = BUILT_PRODUCTS_DIR; };
		46EFD2062F31947300C9F513 /* FeedMeTests.xctest */ = {isa = PBXFileReference; explicitFileType = wrapper.cfbundle; includeInIndex = 0; path = FeedMeTests.xctest; sourceTree = BUILT_PRODUCTS_DIR; };
		46EFD2102F31947300C9F513 /* FeedMeUITests.xctest */ = {isa = PBXFileReference; explicitFileType = wrapper.cfbundle; includeInIndex = 0; path = FeedMeUITests.xctest; sourceTree = BUILT_PRODUCTS_DIR; };
/* End PBXFileReference section */

/* Begin PBXFileSystemSynchronizedBuildFileExceptionSet section */
		461828FF2F31F5FF0056E635 /* Exceptions for "FeedMe" folder in "FeedMe" target */ = {
			isa = PBXFileSystemSynchronizedBuildFileExceptionSet;
			membershipExceptions = (
				Info.plist,
			);
			target = 46EFD1F82F31947200C9F513 /* FeedMe */;
		};
/* End PBXFileSystemSynchronizedBuildFileExceptionSet section */

/* Begin PBXFileSystemSynchronizedRootGroup section */
		46EFD1FB2F31947200C9F513 /* FeedMe */ = {
			isa = PBXFileSystemSynchronizedRootGroup;
			exceptions = (
				461828FF2F31F5FF0056E635 /* Exceptions for "FeedMe" folder in "FeedMe" target */,
			);
			path = FeedMe;
			sourceTree = "<group>";
		};
		46EFD2092F31947300C9F513 /* FeedMeTests */ = {
			isa = PBXFileSystemSynchronizedRootGroup;
			path = FeedMeTests;
			sourceTree = "<group>";
		};
		46EFD2132F31947300C9F513 /* FeedMeUITests */ = {
			isa = PBXFileSystemSynchronizedRootGroup;
			path = FeedMeUITests;
			sourceTree = "<group>";
		};
/* End PBXFileSystemSynchronizedRootGroup section */

/* Begin PBXFrameworksBuildPhase section */
		46EFD1F62F31947200C9F513 /* Frameworks */ = {
			isa = PBXFrameworksBuildPhase;
			buildActionMask = 2147483647;
			files = (
				46EFD22D2F31CB6F00C9F513 /* FeedKit in Frameworks */,
				46EFD2302F31CD2500C9F513 /* GRDB in Frameworks */,
			);
			runOnlyForDeploymentPostprocessing = 0;
		};
		46EFD2032F31947300C9F513 /* Frameworks */ = {
			isa = PBXFrameworksBuildPhase;
			buildActionMask = 2147483647;
			files = (
				46EFD2402F3A000100C9F513 /* GRDB in Frameworks */,
				46EFD2422F3A000100C9F513 /* FeedKit in Frameworks */,
			);
			runOnlyForDeploymentPostprocessing = 0;
		};
		46EFD20D2F31947300C9F513 /* Frameworks */ = {
			isa = PBXFrameworksBuildPhase;
			buildActionMask = 2147483647;
			files = (
			);
			runOnlyForDeploymentPostprocessing = 0;
		};
/* End PBXFrameworksBuildPhase section */

/* Begin PBXGroup section */
		46EFD1F02F31947200C9F513 = {
			isa = PBXGroup;
			children = (
				46EFD1FB2F31947200C9F513 /* FeedMe */,
				46EFD2092F31947300C9F513 /* FeedMeTests */,
				46EFD2132F31947300C9F513 /* FeedMeUITests */,
				46EFD1FA2F31947200C9F513 /* Products */,
			);
			sourceTree = "<group>";
		};
		46EFD1FA2F31947200C9F513 /* Products */ = {
			isa = PBXGroup;
			children = (
				46EFD1F92F31947200C9F513 /* FeedMe.app */,
				46EFD2062F31947300C9F513 /* FeedMeTests.xctest */,
				46EFD2102F31947300C9F513 /* FeedMeUITests.xctest */,
			);
			name = Products;
			sourceTree = "<group>";
		};
/* End PBXGroup section */

/* Begin PBXNativeTarget section */
		46EFD1F82F31947200C9F513 /* FeedMe */ = {
			isa = PBXNativeTarget;
			buildConfigurationList = 46EFD21A2F31947300C9F513 /* Build configuration list for PBXNativeTarget "FeedMe" */;
			buildPhases = (
				46EFD1F52F31947200C9F513 /* Sources */,
				46EFD1F62F31947200C9F513 /* Frameworks */,
				46EFD1F72F31947200C9F513 /* Resources */,
			);
			buildRules = (
			);
			dependencies = (
			);
			fileSystemSynchronizedGroups = (
				46EFD1FB2F31947200C9F513 /* FeedMe */,
			);
			name = FeedMe;
			packageProductDependencies = (
				46EFD22C2F31CB6F00C9F513 /* FeedKit */,
				46EFD22F2F31CD2500C9F513 /* GRDB */,
			);
			productName = FeedMe;
			productReference = 46EFD1F92F31947200C9F513 /* FeedMe.app */;
			productType = "com.apple.product-type.application";
		};
		46EFD2052F31947300C9F513 /* FeedMeTests */ = {
			isa = PBXNativeTarget;
			buildConfigurationList = 46EFD21D2F31947300C9F513 /* Build configuration list for PBXNativeTarget "FeedMeTests" */;
			buildPhases = (
				46EFD2022F31947300C9F513 /* Sources */,
				46EFD2032F31947300C9F513 /* Frameworks */,
				46EFD2042F31947300C9F513 /* Resources */,
			);
			buildRules = (
			);
			dependencies = (
				46EFD2082F31947300C9F513 /* PBXTargetDependency */,
			);
			fileSystemSynchronizedGroups = (
				46EFD2092F31947300C9F513 /* FeedMeTests */,
			);
			name = FeedMeTests;
			packageProductDependencies = (
				46EFD23F2F3A000100C9F513 /* GRDB */,
				46EFD2412F3A000100C9F513 /* FeedKit */,
			);
			productName = FeedMeTests;
			productReference = 46EFD2062F31947300C9F513 /* FeedMeTests.xctest */;
			productType = "com.apple.product-type.bundle.unit-test";
		};
		46EFD20F2F31947300C9F513 /* FeedMeUITests */ = {
			isa = PBXNativeTarget;
			buildConfigurationList = 46EFD2202F31947300C9F513 /* Build configuration list for PBXNativeTarget "FeedMeUITests" */;
			buildPhases = (
				46EFD20C2F31947300C9F513 /* Sources */,
				46EFD20D2F31947300C9F513 /* Frameworks */,
				46EFD20E2F31947300C9F513 /* Resources */,
			);
			buildRules = (
			);
			dependencies = (
				46EFD2122F31947300C9F513 /* PBXTargetDependency */,
			);
			fileSystemSynchronizedGroups = (
				46EFD2132F31947300C9F513 /* FeedMeUITests */,
			);
			name = FeedMeUITests;
			packageProductDependencies = (
			);
			productName = FeedMeUITests;
			productReference = 46EFD2102F31947300C9F513 /* FeedMeUITests.xctest */;
			productType = "com.apple.product-type.bundle.ui-testing";
		};
/* End PBXNativeTarget section */

/* Begin PBXProject section */
		46EFD1F12F31947200C9F513 /* Project object */ = {
			isa = PBXProject;
			attributes = {
				BuildIndependentTargetsInParallel = 1;
				LastSwiftUpdateCheck = 2610;
				LastUpgradeCheck = 2610;
				TargetAttributes = {
					46EFD1F82F31947200C9F513 = {
						CreatedOnToolsVersion = 26.1.1;
					};
					46EFD2052F31947300C9F513 = {
						CreatedOnToolsVersion = 26.1.1;
						TestTargetID = 46EFD1F82F31947200C9F513;
					};
					46EFD20F2F31947300C9F513 = {
						CreatedOnToolsVersion = 26.1.1;
						TestTargetID = 46EFD1F82F31947200C9F513;
					};
				};
			};
			buildConfigurationList = 46EFD1F42F31947200C9F513 /* Build configuration list for PBXProject "FeedMe" */;
			developmentRegion = en;
			hasScannedForEncodings = 0;
			knownRegions = (
				en,
				Base,
			);
			mainGroup = 46EFD1F02F31947200C9F513;
			minimizedProjectReferenceProxies = 1;
			packageReferences = (
				46EFD22B2F31CB6F00C9F513 /* XCRemoteSwiftPackageReference "FeedKit" */,
				46EFD22E2F31CD2500C9F513 /* XCRemoteSwiftPackageReference "GRDB" */,
			);
			preferredProjectObjectVersion = 77;
			productRefGroup = 46EFD1FA2F31947200C9F513 /* Products */;
			projectDirPath = "";
			projectRoot = "";
			targets = (
				46EFD1F82F31947200C9F513 /* FeedMe */,
				46EFD2052F31947300C9F513 /* FeedMeTests */,
				46EFD20F2F31947300C9F513 /* FeedMeUITests */,
			);
		};
/* End PBXProject section */

/* Begin PBXResourcesBuildPhase section */
		46EFD1F72F31947200C9F513 /* Resources */ = {
			isa = PBXResourcesBuildPhase;
			buildActionMask = 2147483647;
			files = (
			);
			runOnlyForDeploymentPostprocessing = 0;
		};
		46EFD2042F31947300C9F513 /* Resources */ = {
			isa = PBXResourcesBuildPhase;
			buildActionMask = 2147483647;
			files = (
			);
			runOnlyForDeploymentPostprocessing = 0;
		};
		46EFD20E2F31947300C9F513 /* Resources */ = {
			isa = PBXResourcesBuildPhase;
			buildActionMask = 2147483647;
			files = (
			);
			runOnlyForDeploymentPostprocessing = 0;
		};
/* End PBXResourcesBuildPhase section */

/* Begin PBXSourcesBuildPhase section */
		46EFD1F52F31947200C9F513 /* Sources */ = {
			isa = PBXSourcesBuildPhase;
			buildActionMask = 2147483647;
			files = (
			);
			runOnlyForDeploymentPostprocessing = 0;
		};
		46EFD2022F31947300C9F513 /* Sources */ = {
			isa = PBXSourcesBuildPhase;
			buildActionMask = 2147483647;
			files = (
			);
			runOnlyForDeploymentPostprocessing = 0;
		};
		46EFD20C2F31947300C9F513 /* Sources */ = {
			isa = PBXSourcesBuildPhase;
			buildActionMask = 2147483647;
			files = (
			);
			runOnlyForDeploymentPostprocessing = 0;
		};
/* End PBXSourcesBuildPhase section */

/* Begin PBXTargetDependency section */
		46EFD2082F31947300C9F513 /* PBXTargetDependency */ = {
			isa = PBXTargetDependency;
			target = 46EFD1F82F31947200C9F513 /* FeedMe */;
			targetProxy = 46EFD2072F31947300C9F513 /* PBXContainerItemProxy */;
		};
		46EFD2122F31947300C9F513 /* PBXTargetDependency */ = {
			isa = PBXTargetDependency;
			target = 46EFD1F82F31947200C9F513 /* FeedMe */;
			targetProxy = 46EFD2112F31947300C9F513 /* PBXContainerItemProxy */;
		};
/* End PBXTargetDependency section */

/* Begin XCBuildConfiguration section */
		46EFD2182F31947300C9F513 /* Debug */ = {
			isa = XCBuildConfiguration;
			buildSettings = {
				ALWAYS_SEARCH_USER_PATHS = NO;
				ASSETCATALOG_COMPILER_GENERATE_SWIFT_ASSET_SYMBOL_EXTENSIONS = YES;
				CLANG_ANALYZER_NONNULL = YES;
				CLANG_ANALYZER_NUMBER_OBJECT_CONVERSION = YES_AGGRESSIVE;
				CLANG_CXX_LANGUAGE_STANDARD = "gnu++20";
				CLANG_ENABLE_MODULES = YES;
				CLANG_ENABLE_OBJC_ARC = YES;
				CLANG_ENABLE_OBJC_WEAK = YES;
				CLANG_WARN_BLOCK_CAPTURE_AUTORELEASING = YES;
				CLANG_WARN_BOOL_CONVERSION = YES;
				CLANG_WARN_COMMA = YES;
				CLANG_WARN_CONSTANT_CONVERSION = YES;
				CLANG_WARN_DEPRECATED_OBJC_IMPLEMENTATIONS = YES;
				CLANG_WARN_DIRECT_OBJC_ISA_USAGE = YES_ERROR;
				CLANG_WARN_DOCUMENTATION_COMMENTS = YES;
				CLANG_WARN_EMPTY_BODY = YES;
				CLANG_WARN_ENUM_CONVERSION = YES;
				CLANG_WARN_INFINITE_RECURSION = YES;
				CLANG_WARN_INT_CONVERSION = YES;
				CLANG_WARN_NON_LITERAL_NULL_CONVERSION = YES;
				CLANG_WARN_OBJC_IMPLICIT_RETAIN_SELF = YES;
				CLANG_WARN_OBJC_LITERAL_CONVERSION = YES;
				CLANG_WARN_OBJC_ROOT_CLASS = YES_ERROR;
				CLANG_WARN_QUOTED_INCLUDE_IN_FRAMEWORK_HEADER = YES;
				CLANG_WARN_RANGE_LOOP_ANALYSIS = YES;
				CLANG_WARN_STRICT_PROTOTYPES = YES;
				CLANG_WARN_SUSPICIOUS_MOVE = YES;
				CLANG_WARN_UNGUARDED_AVAILABILITY = YES_AGGRESSIVE;
				CLANG_WARN_UNREACHABLE_CODE = YES;
				CLANG_WARN__DUPLICATE_METHOD_MATCH = YES;
				CODE_SIGN_ENTITLEMENTS = FeedMe/FeedMe.entitlements;
				COPY_PHASE_STRIP = NO;
				DEBUG_INFORMATION_FORMAT = dwarf;
				DEVELOPMENT_TEAM = 2SB3S6G7DB;
				ENABLE_STRICT_OBJC_MSGSEND = YES;
				ENABLE_TESTABILITY = YES;
				ENABLE_USER_SCRIPT_SANDBOXING = YES;
				GCC_C_LANGUAGE_STANDARD = gnu17;
				GCC_DYNAMIC_NO_PIC = NO;
				GCC_NO_COMMON_BLOCKS = YES;
				GCC_OPTIMIZATION_LEVEL = 0;
				GCC_PREPROCESSOR_DEFINITIONS = (
					"DEBUG=1",
					"$(inherited)",
				);
				GCC_WARN_64_TO_32_BIT_CONVERSION = YES;
				GCC_WARN_ABOUT_RETURN_TYPE = YES_ERROR;
				GCC_WARN_UNDECLARED_SELECTOR = YES;
				GCC_WARN_UNINITIALIZED_AUTOS = YES_AGGRESSIVE;
				GCC_WARN_UNUSED_FUNCTION = YES;
				GCC_WARN_UNUSED_VARIABLE = YES;
				LOCALIZATION_PREFERS_STRING_CATALOGS = YES;
				MACOSX_DEPLOYMENT_TARGET = 26.1;
				MTL_ENABLE_DEBUG_INFO = INCLUDE_SOURCE;
				MTL_FAST_MATH = YES;
				ONLY_ACTIVE_ARCH = YES;
				SDKROOT = macosx;
				SWIFT_ACTIVE_COMPILATION_CONDITIONS = "DEBUG $(inherited)";
				SWIFT_OPTIMIZATION_LEVEL = "-Onone";
			};
			name = Debug;
		};
		46EFD2192F31947300C9F513 /* Release */ = {
			isa = XCBuildConfiguration;
			buildSettings = {
				ALWAYS_SEARCH_USER_PATHS = NO;
				ASSETCATALOG_COMPILER_GENERATE_SWIFT_ASSET_SYMBOL_EXTENSIONS = YES;
				CLANG_ANALYZER_NONNULL = YES;
				CLANG_ANALYZER_NUMBER_OBJECT_CONVERSION = YES_AGGRESSIVE;
				CLANG_CXX_LANGUAGE_STANDARD = "gnu++20";
				CLANG_ENABLE_MODULES = YES;
				CLANG_ENABLE_OBJC_ARC = YES;
				CLANG_ENABLE_OBJC_WEAK = YES;
				CLANG_WARN_BLOCK_CAPTURE_AUTORELEASING = YES;
				CLANG_WARN_BOOL_CONVERSION = YES;
				CLANG_WARN_COMMA = YES;
				CLANG_WARN_CONSTANT_CONVERSION = YES;
				CLANG_WARN_DEPRECATED_OBJC_IMPLEMENTATIONS = YES;
				CLANG_WARN_DIRECT_OBJC_ISA_USAGE = YES_ERROR;
				CLANG_WARN_DOCUMENTATION_COMMENTS = YES;
				CLANG_WARN_EMPTY_BODY = YES;
				CLANG_WARN_ENUM_CONVERSION = YES;
				CLANG_WARN_INFINITE_RECURSION = YES;
				CLANG_WARN_INT_CONVERSION = YES;
				CLANG_WARN_NON_LITERAL_NULL_CONVERSION = YES;
				CLANG_WARN_OBJC_IMPLICIT_RETAIN_SELF = YES;
				CLANG_WARN_OBJC_LITERAL_CONVERSION = YES;
				CLANG_WARN_OBJC_ROOT_CLASS = YES_ERROR;
				CLANG_WARN_QUOTED_INCLUDE_IN_FRAMEWORK_HEADER = YES;
				CLANG_WARN_RANGE_LOOP_ANALYSIS = YES;
				CLANG_WARN_STRICT_PROTOTYPES = YES;
				CLANG_WARN_SUSPICIOUS_MOVE = YES;
				CLANG_WARN_UNGUARDED_AVAILABILITY = YES_AGGRESSIVE;
				CLANG_WARN_UNREACHABLE_CODE = YES;
				CLANG_WARN__DUPLICATE_METHOD_MATCH = YES;
				CODE_SIGN_ENTITLEMENTS = FeedMe/FeedMe.entitlements;
				COPY_PHASE_STRIP = NO;
				DEBUG_INFORMATION_FORMAT = "dwarf-with-dsym";
				DEVELOPMENT_TEAM = 2SB3S6G7DB;
				ENABLE_NS_ASSERTIONS = NO;
				ENABLE_STRICT_OBJC_MSGSEND = YES;
				ENABLE_USER_SCRIPT_SANDBOXING = YES;
				GCC_C_LANGUAGE_STANDARD = gnu17;
				GCC_NO_COMMON_BLOCKS = YES;
				GCC_WARN_64_TO_32_BIT_CONVERSION = YES;
				GCC_WARN_ABOUT_RETURN_TYPE = YES_ERROR;
				GCC_WARN_UNDECLARED_SELECTOR = YES;
				GCC_WARN_UNINITIALIZED_AUTOS = YES_AGGRESSIVE;
				GCC_WARN_UNUSED_FUNCTION = YES;
				GCC_WARN_UNUSED_VARIABLE = YES;
				LOCALIZATION_PREFERS_STRING_CATALOGS = YES;
				MACOSX_DEPLOYMENT_TARGET = 26.1;
				MTL_ENABLE_DEBUG_INFO = NO;
				MTL_FAST_MATH = YES;
				SDKROOT = macosx;
				SWIFT_COMPILATION_MODE = wholemodule;
			};
			name = Release;
		};
		46EFD21B2F31947300C9F513 /* Debug */ = {
			isa = XCBuildConfiguration;
			buildSettings = {
				ASSETCATALOG_COMPILER_APPICON_NAME = AppIcon;
				ASSETCATALOG_COMPILER_GLOBAL_ACCENT_COLOR_NAME = AccentColor;
				CODE_SIGN_STYLE = Automatic;
				COMBINE_HIDPI_IMAGES = YES;
				CURRENT_PROJECT_VERSION = 1;
				DEVELOPMENT_TEAM = 2SB3S6G7DB;
				ENABLE_APP_SANDBOX = YES;
				ENABLE_HARDENED_RUNTIME = YES;
				ENABLE_PREVIEWS = YES;
				ENABLE_USER_SELECTED_FILES = readonly;
				GENERATE_INFOPLIST_FILE = YES;
				INFOPLIST_FILE = FeedMe/Info.plist;
				INFOPLIST_KEY_LSUIElement = YES;
				INFOPLIST_KEY_NSHumanReadableCopyright = "";
				LD_RUNPATH_SEARCH_PATHS = (
					"$(inherited)",
					"@executable_path/../Frameworks",
				);
				MARKETING_VERSION = 1.3.0;
				PRODUCT_BUNDLE_IDENTIFIER = xyz.mouselee.FeedMe;
				PRODUCT_NAME = "$(TARGET_NAME)";
				REGISTER_APP_GROUPS = YES;
				STRING_CATALOG_GENERATE_SYMBOLS = YES;
				SWIFT_APPROACHABLE_CONCURRENCY = YES;
				SWIFT_DEFAULT_ACTOR_ISOLATION = MainActor;
				SWIFT_EMIT_LOC_STRINGS = YES;
				SWIFT_UPCOMING_FEATURE_MEMBER_IMPORT_VISIBILITY = YES;
				SWIFT_VERSION = 5.0;
			};
			name = Debug;
		};
		46EFD21C2F31947300C9F513 /* Release */ = {
			isa = XCBuildConfiguration;
			buildSettings = {
				ASSETCATALOG_COMPILER_APPICON_NAME = AppIcon;
				ASSETCATALOG_COMPILER_GLOBAL_ACCENT_COLOR_NAME = AccentColor;
				CODE_SIGN_STYLE = Automatic;
				COMBINE_HIDPI_IMAGES = YES;
				CURRENT_PROJECT_VERSION = 1;
				DEVELOPMENT_TEAM = 2SB3S6G7DB;
				ENABLE_APP_SANDBOX = YES;
				ENABLE_HARDENED_RUNTIME = YES;
				ENABLE_PREVIEWS = YES;
				ENABLE_USER_SELECTED_FILES = readonly;
				GENERATE_INFOPLIST_FILE = YES;
				INFOPLIST_FILE = FeedMe/Info.plist;
				INFOPLIST_KEY_LSUIElement = YES;
				INFOPLIST_KEY_NSHumanReadableCopyright = "";
				LD_RUNPATH_SEARCH_PATHS = (
					"$(inherited)",
					"@executable_path/../Frameworks",
				);
				MARKETING_VERSION = 1.3.0;
				PRODUCT_BUNDLE_IDENTIFIER = xyz.mouselee.FeedMe;
				PRODUCT_NAME = "$(TARGET_NAME)";
				REGISTER_APP_GROUPS = YES;
				STRING_CATALOG_GENERATE_SYMBOLS = YES;
				SWIFT_APPROACHABLE_CONCURRENCY = YES;
				SWIFT_DEFAULT_ACTOR_ISOLATION = MainActor;
				SWIFT_EMIT_LOC_STRINGS = YES;
				SWIFT_UPCOMING_FEATURE_MEMBER_IMPORT_VISIBILITY = YES;
				SWIFT_VERSION = 5.0;
			};
			name = Release;
		};
		46EFD21E2F31947300C9F513 /* Debug */ = {
			isa = XCBuildConfiguration;
			buildSettings = {
				BUNDLE_LOADER = "$(TEST_HOST)";
				CODE_SIGN_STYLE = Automatic;
				CURRENT_PROJECT_VERSION = 1;
				DEVELOPMENT_TEAM = 2SB3S6G7DB;
				GENERATE_INFOPLIST_FILE = YES;
				MACOSX_DEPLOYMENT_TARGET = 26.1;
				MARKETING_VERSION = 1.3.0;
				PRODUCT_BUNDLE_IDENTIFIER = xyz.mouselee.FeedMeTests;
				PRODUCT_NAME = "$(TARGET_NAME)";
				STRING_CATALOG_GENERATE_SYMBOLS = NO;
				SWIFT_APPROACHABLE_CONCURRENCY = YES;
				SWIFT_EMIT_LOC_STRINGS = NO;
				SWIFT_UPCOMING_FEATURE_MEMBER_IMPORT_VISIBILITY = YES;
				SWIFT_VERSION = 5.0;
				TEST_HOST = "$(BUILT_PRODUCTS_DIR)/FeedMe.app/$(BUNDLE_EXECUTABLE_FOLDER_PATH)/FeedMe";
			};
			name = Debug;
		};
		46EFD21F2F31947300C9F513 /* Release */ = {
			isa = XCBuildConfiguration;
			buildSettings = {
				BUNDLE_LOADER = "$(TEST_HOST)";
				CODE_SIGN_STYLE = Automatic;
				CURRENT_PROJECT_VERSION = 1;
				DEVELOPMENT_TEAM = 2SB3S6G7DB;
				GENERATE_INFOPLIST_FILE = YES;
				MACOSX_DEPLOYMENT_TARGET = 26.1;
				MARKETING_VERSION = 1.3.0;
				PRODUCT_BUNDLE_IDENTIFIER = xyz.mouselee.FeedMeTests;
				PRODUCT_NAME = "$(TARGET_NAME)";
				STRING_CATALOG_GENERATE_SYMBOLS = NO;
				SWIFT_APPROACHABLE_CONCURRENCY = YES;
				SWIFT_EMIT_LOC_STRINGS = NO;
				SWIFT_UPCOMING_FEATURE_MEMBER_IMPORT_VISIBILITY = YES;
				SWIFT_VERSION = 5.0;
				TEST_HOST = "$(BUILT_PRODUCTS_DIR)/FeedMe.app/$(BUNDLE_EXECUTABLE_FOLDER_PATH)/FeedMe";
			};
			name = Release;
		};
		46EFD2212F31947300C9F513 /* Debug */ = {
			isa = XCBuildConfiguration;
			buildSettings = {
				CODE_SIGN_STYLE = Automatic;
				CURRENT_PROJECT_VERSION = 1;
				DEVELOPMENT_TEAM = 2SB3S6G7DB;
				GENERATE_INFOPLIST_FILE = YES;
				MARKETING_VERSION = 1.3.0;
				PRODUCT_BUNDLE_IDENTIFIER = xyz.mouselee.FeedMeUITests;
				PRODUCT_NAME = "$(TARGET_NAME)";
				STRING_CATALOG_GENERATE_SYMBOLS = NO;
				SWIFT_APPROACHABLE_CONCURRENCY = YES;
				SWIFT_EMIT_LOC_STRINGS = NO;
				SWIFT_UPCOMING_FEATURE_MEMBER_IMPORT_VISIBILITY = YES;
				SWIFT_VERSION = 5.0;
				TEST_TARGET_NAME = FeedMe;
			};
			name = Debug;
		};
		46EFD2222F31947300C9F513 /* Release */ = {
			isa = XCBuildConfiguration;
			buildSettings = {
				CODE_SIGN_STYLE = Automatic;
				CURRENT_PROJECT_VERSION = 1;
				DEVELOPMENT_TEAM = 2SB3S6G7DB;
				GENERATE_INFOPLIST_FILE = YES;
				MARKETING_VERSION = 1.3.0;
				PRODUCT_BUNDLE_IDENTIFIER = xyz.mouselee.FeedMeUITests;
				PRODUCT_NAME = "$(TARGET_NAME)";
				STRING_CATALOG_GENERATE_SYMBOLS = NO;
				SWIFT_APPROACHABLE_CONCURRENCY = YES;
				SWIFT_EMIT_LOC_STRINGS = NO;
				SWIFT_UPCOMING_FEATURE_MEMBER_IMPORT_VISIBILITY = YES;
				SWIFT_VERSION = 5.0;
				TEST_TARGET_NAME = FeedMe;
			};
			name = Release;
		};
/* End XCBuildConfiguration section */

/* Begin XCConfigurationList section */
		46EFD1F42F31947200C9F513 /* Build configuration list for PBXProject "FeedMe" */ = {
			isa = XCConfigurationList;
			buildConfigurations = (
				46EFD2182F31947300C9F513 /* Debug */,
				46EFD2192F31947300C9F513 /* Release */,
			);
			defaultConfigurationIsVisible = 0;
			defaultConfigurationName = Release;
		};
		46EFD21A2F31947300C9F513 /* Build configuration list for PBXNativeTarget "FeedMe" */ = {
			isa = XCConfigurationList;
			buildConfigurations = (
				46EFD21B2F31947300C9F513 /* Debug */,
				46EFD21C2F31947300C9F513 /* Release */,
			);
			defaultConfigurationIsVisible = 0;
			defaultConfigurationName = Release;
		};
		46EFD21D2F31947300C9F513 /* Build configuration list for PBXNativeTarget "FeedMeTests" */ = {
			isa = XCConfigurationList;
			buildConfigurations = (
				46EFD21E2F31947300C9F513 /* Debug */,
				46EFD21F2F31947300C9F513 /* Release */,
			);
			defaultConfigurationIsVisible = 0;
			defaultConfigurationName = Release;
		};
		46EFD2202F31947300C9F513 /* Build configuration list for PBXNativeTarget "FeedMeUITests" */ = {
			isa = XCConfigurationList;
			buildConfigurations = (
				46EFD2212F31947300C9F513 /* Debug */,
				46EFD2222F31947300C9F513 /* Release */,
			);
			defaultConfigurationIsVisible = 0;
			defaultConfigurationName = Release;
		};
/* End XCConfigurationList section */

/* Begin XCRemoteSwiftPackageReference section */
		46EFD22B2F31CB6F00C9F513 /* XCRemoteSwiftPackageReference "FeedKit" */ = {
			isa = XCRemoteSwiftPackageReference;
			repositoryURL = "https://github.com/nmdias/FeedKit";
			requirement = {
				kind = upToNextMajorVersion;
				minimumVersion = 10.3.0;
			};
		};
		46EFD22E2F31CD2500C9F513 /* XCRemoteSwiftPackageReference "GRDB" */ = {
			isa = XCRemoteSwiftPackageReference;
			repositoryURL = "https://github.com/groue/GRDB.swift";
			requirement = {
				kind = exactVersion;
				version = 7.4.1;
			};
		};
/* End XCRemoteSwiftPackageReference section */

/* Begin XCSwiftPackageProductDependency section */
		46EFD22C2F31CB6F00C9F513 /* FeedKit */ = {
			isa = XCSwiftPackageProductDependency;
			package = 46EFD22B2F31CB6F00C9F513 /* XCRemoteSwiftPackageReference "FeedKit" */;
			productName = FeedKit;
		};
		46EFD22F2F31CD2500C9F513 /* GRDB */ = {
			isa = XCSwiftPackageProductDependency;
			package = 46EFD22E2F31CD2500C9F513 /* XCRemoteSwiftPackageReference "GRDB" */;
			productName = GRDB;
		};
		46EFD23F2F3A000100C9F513 /* GRDB */ = {
			isa = XCSwiftPackageProductDependency;
			package = 46EFD22E2F31CD2500C9F513 /* XCRemoteSwiftPackageReference "GRDB" */;
			productName = GRDB;
		};
		46EFD2412F3A000100C9F513 /* FeedKit */ = {
			isa = XCSwiftPackageProductDependency;
			package = 46EFD22B2F31CB6F00C9F513 /* XCRemoteSwiftPackageReference "FeedKit" */;
			productName = FeedKit;
		};
/* End XCSwiftPackageProductDependency section */
	};
	rootObject = 46EFD1F12F31947200C9F513 /* Project object */;
}
